
Microsoft Visual Studio Solution File, Format Version 12.00
# Visual Studio Version 16
VisualStudioVersion = 16.0.28729.10
MinimumVisualStudioVersion = 10.0.40219.1
Project("{888888A0-9F3D-457C-B088-3A5042F75D52}") = "CCI_1", "CCI_1\CCI_1.pyproj", "{9795127C-BECF-45B1-B9B7-C7E05C6C8D95}"
EndProject
Project("{888888A0-9F3D-457C-B088-3A5042F75D52}") = "CCI_2", "CCI_2\CCI_2.pyproj", "{AF1D8BF1-E047-4755-AEF1-19745B2BAFC2}"
EndProject
Project("{888888A0-9F3D-457C-B088-3A5042F75D52}") = "CCI_3", "CCI_3\CCI_3.pyproj", "{76D70651-1348-4B52-BEB6-66BF158FBEBB}"
EndProject
Project("{888888A0-9F3D-457C-B088-3A5042F75D52}") = "CCI_4", "CCI_4\CCI_4.pyproj", "{2B69C554-E922-4306-B76B-C6D1FB36AEE1}"
EndProject
Project("{888888A0-9F3D-457C-B088-3A5042F75D52}") = "CCI_5", "CCI_5\CCI_5.pyproj", "{54BEF580-605A-486A-B334-754D94AE476D}"
EndProject
Project("{888888A0-9F3D-457C-B088-3A5042F75D52}") = "CCI_10", "CCI_10\CCI_10.pyproj", "{1F1953C0-D831-4B75-B441-8EBAA8967230}"
EndProject
Global
	GlobalSection(SolutionConfigurationPlatforms) = preSolution
		Debug|Any CPU = Debug|Any CPU
		Release|Any CPU = Release|Any CPU
	EndGlobalSection
	GlobalSection(ProjectConfigurationPlatforms) = postSolution
		{9795127C-BECF-45B1-B9B7-C7E05C6C8D95}.Debug|Any CPU.ActiveCfg = Debug|Any CPU
		{9795127C-BECF-45B1-B9B7-C7E05C6C8D95}.Release|Any CPU.ActiveCfg = Release|Any CPU
		{AF1D8BF1-E047-4755-AEF1-19745B2BAFC2}.Debug|Any CPU.ActiveCfg = Debug|Any CPU
		{AF1D8BF1-E047-4755-AEF1-19745B2BAFC2}.Release|Any CPU.ActiveCfg = Release|Any CPU
		{76D70651-1348-4B52-BEB6-66BF158FBEBB}.Debug|Any CPU.ActiveCfg = Debug|Any CPU
		{76D70651-1348-4B52-BEB6-66BF158FBEBB}.Release|Any CPU.ActiveCfg = Release|Any CPU
		{2B69C554-E922-4306-B76B-C6D1FB36AEE1}.Debug|Any CPU.ActiveCfg = Debug|Any CPU
		{2B69C554-E922-4306-B76B-C6D1FB36AEE1}.Release|Any CPU.ActiveCfg = Release|Any CPU
		{54BEF580-605A-486A-B334-754D94AE476D}.Debug|Any CPU.ActiveCfg = Debug|Any CPU
		{54BEF580-605A-486A-B334-754D94AE476D}.Release|Any CPU.ActiveCfg = Release|Any CPU
		{1F1953C0-D831-4B75-B441-8EBAA8967230}.Debug|Any CPU.ActiveCfg = Debug|Any CPU
		{1F1953C0-D831-4B75-B441-8EBAA8967230}.Release|Any CPU.ActiveCfg = Release|Any CPU
	EndGlobalSection
	GlobalSection(SolutionProperties) = preSolution
		HideSolutionNode = FALSE
	EndGlobalSection
	GlobalSection(ExtensibilityGlobals) = postSolution
		SolutionGuid = {BC3B8AF5-8373-406C-8EEA-1DEB6C052276}
	EndGlobalSection
EndGlobal
